// !$*UTF8*$!
{
	archiveVersion = 1;
	classes = {
	};
	objectVersion = 50;
	objects = {

/* Begin PBXBuildFile section */
		2413C89E27B693A600AF6A77 /* CustomTextField.swift in Sources */ = {isa = PBXBuildFile; fileRef = 2413C89D27B693A600AF6A77 /* CustomTextField.swift */; };
		2428725D266D02EF00773798 /* APICallApp.swift in Sources */ = {isa = PBXBuildFile; fileRef = 2428725C266D02EF00773798 /* APICallApp.swift */; };
		2428725F266D02EF00773798 /* ContentView.swift in Sources */ = {isa = PBXBuildFile; fileRef = 2428725E266D02EF00773798 /* ContentView.swift */; };
		24287261266D02F000773798 /* Assets.xcassets in Resources */ = {isa = PBXBuildFile; fileRef = 24287260266D02F000773798 /* Assets.xcassets */; };
		24287264266D02F000773798 /* Preview Assets.xcassets in Resources */ = {isa = PBXBuildFile; fileRef = 24287263266D02F000773798 /* Preview Assets.xcassets */; };
		242B1DFB27B948DB0007035B /* AuthCreateView.swift in Sources */ = {isa = PBXBuildFile; fileRef = 242B1DFA27B948DB0007035B /* AuthCreateView.swift */; };
		244BCD0D27B3FC8900ADE968 /* AuthViewModel.swift in Sources */ = {isa = PBXBuildFile; fileRef = 244BCD0C27B3FC8900ADE968 /* AuthViewModel.swift */; };
		244F232D27B5385F009AA4EA /* PostViewModel.swift in Sources */ = {isa = PBXBuildFile; fileRef = 244F232C27B5385F009AA4EA /* PostViewModel.swift */; };
		244F233127B54256009AA4EA /* PublicFunctions.swift in Sources */ = {isa = PBXBuildFile; fileRef = 244F233027B54256009AA4EA /* PublicFunctions.swift */; };
		244F233327B55118009AA4EA /* PostView.swift in Sources */ = {isa = PBXBuildFile; fileRef = 244F233227B55118009AA4EA /* PostView.swift */; };
		244F233527B553CA009AA4EA /* BlogPostDetail.swift in Sources */ = {isa = PBXBuildFile; fileRef = 244F233427B553CA009AA4EA /* BlogPostDetail.swift */; };
		244F233727B55663009AA4EA /* CreatePostView.swift in Sources */ = {isa = PBXBuildFile; fileRef = 244F233627B55663009AA4EA /* CreatePostView.swift */; };
/* End PBXBuildFile section */

/* Begin PBXFileReference section */
		2413C89D27B693A600AF6A77 /* CustomTextField.swift */ = {isa = PBXFileReference; lastKnownFileType = sourcecode.swift; path = CustomTextField.swift; sourceTree = "<group>"; };
		24287259266D02EF00773798 /* APICall.app */ = {isa = PBXFileReference; explicitFileType = wrapper.application; includeInIndex = 0; path = APICall.app; sourceTree = BUILT_PRODUCTS_DIR; };
		2428725C266D02EF00773798 /* APICallApp.swift */ = {isa = PBXFileReference; lastKnownFileType = sourcecode.swift; path = APICallApp.swift; sourceTree = "<group>"; };
		2428725E266D02EF00773798 /* ContentView.swift */ = {isa = PBXFileReference; lastKnownFileType = sourcecode.swift; path = ContentView.swift; sourceTree = "<group>"; };
		24287260266D02F000773798 /* Assets.xcassets */ = {isa = PBXFileReference; lastKnownFileType = folder.assetcatalog; path = Assets.xcassets; sourceTree = "<group>"; };
		24287263266D02F000773798 /* Preview Assets.xcassets */ = {isa = PBXFileReference; lastKnownFileType = folder.assetcatalog; path = "Preview Assets.xcassets"; sourceTree = "<group>"; };
		24287265266D02F000773798 /* Info.plist */ = {isa = PBXFileReference; lastKnownFileType = text.plist.xml; path = Info.plist; sourceTree = "<group>"; };
		242B1DFA27B948DB0007035B /* AuthCreateView.swift */ = {isa = PBXFileReference; lastKnownFileType = sourcecode.swift; path = AuthCreateView.swift; sourceTree = "<group>"; };
		244BCD0C27B3FC8900ADE968 /* AuthViewModel.swift */ = {isa = PBXFileReference; lastKnownFileType = sourcecode.swift; path = AuthViewModel.swift; sourceTree = "<group>"; };
		244F232C27B5385F009AA4EA /* PostViewModel.swift */ = {isa = PBXFileReference; lastKnownFileType = sourcecode.swift; path = PostViewModel.swift; sourceTree = "<group>"; };
		244F233027B54256009AA4EA /* PublicFunctions.swift */ = {isa = PBXFileReference; lastKnownFileType = sourcecode.swift; path = PublicFunctions.swift; sourceTree = "<group>"; };
		244F233227B55118009AA4EA /* PostView.swift */ = {isa = PBXFileReference; lastKnownFileType = sourcecode.swift; path = PostView.swift; sourceTree = "<group>"; };
		244F233427B553CA009AA4EA /* BlogPostDetail.swift */ = {isa = PBXFileReference; lastKnownFileType = sourcecode.swift; path = BlogPostDetail.swift; sourceTree = "<group>"; };
		244F233627B55663009AA4EA /* CreatePostView.swift */ = {isa = PBXFileReference; lastKnownFileType = sourcecode.swift; path = CreatePostView.swift; sourceTree = "<group>"; };
/* End PBXFileReference section */

/* Begin PBXFrameworksBuildPhase section */
		24287256266D02EF00773798 /* Frameworks */ = {
			isa = PBXFrameworksBuildPhase;
			buildActionMask = 2147483647;
			files = (
			);
			runOnlyForDeploymentPostprocessing = 0;
		};
/* End PBXFrameworksBuildPhase section */

/* Begin PBXGroup section */
		24287250266D02EF00773798 = {
			isa = PBXGroup;
			children = (
				2428725B266D02EF00773798 /* APICall */,
				2428725A266D02EF00773798 /* Products */,
			);
			sourceTree = "<group>";
		};
		2428725A266D02EF00773798 /* Products */ = {
			isa = PBXGroup;
			children = (
				24287259266D02EF00773798 /* APICall.app */,
			);
			name = Products;
			sourceTree = "<group>";
		};
		2428725B266D02EF00773798 /* APICall */ = {
			isa = PBXGroup;
			children = (
				244BCD0B27B3FC7B00ADE968 /* ViewModel */,
				2428725C266D02EF00773798 /* APICallApp.swift */,
				2428725E266D02EF00773798 /* ContentView.swift */,
				242B1DFA27B948DB0007035B /* AuthCreateView.swift */,
				244F233227B55118009AA4EA /* PostView.swift */,
				244F233427B553CA009AA4EA /* BlogPostDetail.swift */,
				244F233627B55663009AA4EA /* CreatePostView.swift */,
				2413C89D27B693A600AF6A77 /* CustomTextField.swift */,
				24287260266D02F000773798 /* Assets.xcassets */,
				24287265266D02F000773798 /* Info.plist */,
				24287262266D02F000773798 /* Preview Content */,
			);
			path = APICall;
			sourceTree = "<group>";
		};
		24287262266D02F000773798 /* Preview Content */ = {
			isa = PBXGroup;
			children = (
				24287263266D02F000773798 /* Preview Assets.xcassets */,
			);
			path = "Preview Content";
			sourceTree = "<group>";
		};
		244BCD0B27B3FC7B00ADE968 /* ViewModel */ = {
			isa = PBXGroup;
			children = (
				244BCD0C27B3FC8900ADE968 /* AuthViewModel.swift */,
				244F232C27B5385F009AA4EA /* PostViewModel.swift */,
				244F233027B54256009AA4EA /* PublicFunctions.swift */,
			);
			path = ViewModel;
			sourceTree = "<group>";
		};
/* End PBXGroup section */

/* Begin PBXNativeTarget section */
		24287258266D02EF00773798 /* APICall */ = {
			isa = PBXNativeTarget;
			buildConfigurationList = 24287268266D02F000773798 /* Build configuration list for PBXNativeTarget "APICall" */;
			buildPhases = (
				24287255266D02EF00773798 /* Sources */,
				24287256266D02EF00773798 /* Frameworks */,
				24287257266D02EF00773798 /* Resources */,
			);
			buildRules = (
			);
			dependencies = (
			);
			name = APICall;
			productName = APICall;
			productReference = 24287259266D02EF00773798 /* APICall.app */;
			productType = "com.apple.product-type.application";
		};
/* End PBXNativeTarget section */

/* Begin PBXProject section */
		24287251266D02EF00773798 /* Project object */ = {
			isa = PBXProject;
			attributes = {
				LastSwiftUpdateCheck = 1250;
				LastUpgradeCheck = 1250;
				TargetAttributes = {
					24287258266D02EF00773798 = {
						CreatedOnToolsVersion = 12.5;
					};
				};
			};
			buildConfigurationList = 24287254266D02EF00773798 /* Build configuration list for PBXProject "APICall" */;
			compatibilityVersion = "Xcode 9.3";
			developmentRegion = en;
			hasScannedForEncodings = 0;
			knownRegions = (
				en,
				Base,
			);
			mainGroup = 24287250266D02EF00773798;
			productRefGroup = 2428725A266D02EF00773798 /* Products */;
			projectDirPath = "";
			projectRoot = "";
			targets = (
				24287258266D02EF00773798 /* APICall */,
			);
		};
/* End PBXProject section */

/* Begin PBXResourcesBuildPhase section */
		24287257266D02EF00773798 /* Resources */ = {
			isa = PBXResourcesBuildPhase;
			buildActionMask = 2147483647;
			files = (
				24287264266D02F000773798 /* Preview Assets.xcassets in Resources */,
				24287261266D02F000773798 /* Assets.xcassets in Resources */,
			);
			runOnlyForDeploymentPostprocessing = 0;
		};
/* End PBXResourcesBuildPhase section */

/* Begin PBXSourcesBuildPhase section */
		24287255266D02EF00773798 /* Sources */ = {
			isa = PBXSourcesBuildPhase;
			buildActionMask = 2147483647;
			files = (
				244F233727B55663009AA4EA /* CreatePostView.swift in Sources */,
				244F233327B55118009AA4EA /* PostView.swift in Sources */,
				244F232D27B5385F009AA4EA /* PostViewModel.swift in Sources */,
				2428725F266D02EF00773798 /* ContentView.swift in Sources */,
				2413C89E27B693A600AF6A77 /* CustomTextField.swift in Sources */,
				242B1DFB27B948DB0007035B /* AuthCreateView.swift in Sources */,
				244F233527B553CA009AA4EA /* BlogPostDetail.swift in Sources */,
				244BCD0D27B3FC8900ADE968 /* AuthViewModel.swift in Sources */,
				244F233127B54256009AA4EA /* PublicFunctions.swift in Sources */,
				2428725D266D02EF00773798 /* APICallApp.swift in Sources */,
			);
			runOnlyForDeploymentPostprocessing = 0;
		};
/* End PBXSourcesBuildPhase section */

/* Begin XCBuildConfiguration section */
		24287266266D02F000773798 /* Debug */ = {
			isa = XCBuildConfiguration;
			buildSettings = {
				ALWAYS_SEARCH_USER_PATHS = NO;
				CLANG_ANALYZER_NONNULL = YES;
				CLANG_ANALYZER_NUMBER_OBJECT_CONVERSION = YES_AGGRESSIVE;
				CLANG_CXX_LANGUAGE_STANDARD = "gnu++14";
				CLANG_CXX_LIBRARY = "libc++";
				CLANG_ENABLE_MODULES = YES;
				CLANG_ENABLE_OBJC_ARC = YES;
				CLANG_ENABLE_OBJC_WEAK = YES;
				CLANG_WARN_BLOCK_CAPTURE_AUTORELEASING = YES;
				CLANG_WARN_BOOL_CONVERSION = YES;
				CLANG_WARN_COMMA = YES;
				CLANG_WARN_CONSTANT_CONVERSION = YES;
				CLANG_WARN_DEPRECATED_OBJC_IMPLEMENTATIONS = YES;
				CLANG_WARN_DIRECT_OBJC_ISA_USAGE = YES_ERROR;
				CLANG_WARN_DOCUMENTATION_COMMENTS = YES;
				CLANG_WARN_EMPTY_BODY = YES;
				CLANG_WARN_ENUM_CONVERSION = YES;
				CLANG_WARN_INFINITE_RECURSION = YES;
				CLANG_WARN_INT_CONVERSION = YES;
				CLANG_WARN_NON_LITERAL_NULL_CONVERSION = YES;
				CLANG_WARN_OBJC_IMPLICIT_RETAIN_SELF = YES;
				CLANG_WARN_OBJC_LITERAL_CONVERSION = YES;
				CLANG_WARN_OBJC_ROOT_CLASS = YES_ERROR;
				CLANG_WARN_QUOTED_INCLUDE_IN_FRAMEWORK_HEADER = YES;
				CLANG_WARN_RANGE_LOOP_ANALYSIS = YES;
				CLANG_WARN_STRICT_PROTOTYPES = YES;
				CLANG_WARN_SUSPICIOUS_MOVE = YES;
				CLANG_WARN_UNGUARDED_AVAILABILITY = YES_AGGRESSIVE;
				CLANG_WARN_UNREACHABLE_CODE = YES;
				CLANG_WARN__DUPLICATE_METHOD_MATCH = YES;
				COPY_PHASE_STRIP = NO;
				DEBUG_INFORMATION_FORMAT = dwarf;
				ENABLE_STRICT_OBJC_MSGSEND = YES;
				ENABLE_TESTABILITY = YES;
				GCC_C_LANGUAGE_STANDARD = gnu11;
				GCC_DYNAMIC_NO_PIC = NO;
				GCC_NO_COMMON_BLOCKS = YES;
				GCC_OPTIMIZATION_LEVEL = 0;
				GCC_PREPROCESSOR_DEFINITIONS = (
					"DEBUG=1",
					"$(inherited)",
				);
				GCC_WARN_64_TO_32_BIT_CONVERSION = YES;
				GCC_WARN_ABOUT_RETURN_TYPE = YES_ERROR;
				GCC_WARN_UNDECLARED_SELECTOR = YES;
				GCC_WARN_UNINITIALIZED_AUTOS = YES_AGGRESSIVE;
				GCC_WARN_UNUSED_FUNCTION = YES;
				GCC_WARN_UNUSED_VARIABLE = YES;
				IPHONEOS_DEPLOYMENT_TARGET = 14.5;
				MTL_ENABLE_DEBUG_INFO = INCLUDE_SOURCE;
				MTL_FAST_MATH = YES;
				ONLY_ACTIVE_ARCH = YES;
				SDKROOT = iphoneos;
				SWIFT_ACTIVE_COMPILATION_CONDITIONS = DEBUG;
				SWIFT_OPTIMIZATION_LEVEL = "-Onone";
			};
			name = Debug;
		};
		24287267266D02F000773798 /* Release */ = {
			isa = XCBuildConfiguration;
			buildSettings = {
				ALWAYS_SEARCH_USER_PATHS = NO;
				CLANG_ANALYZER_NONNULL = YES;
				CLANG_ANALYZER_NUMBER_OBJECT_CONVERSION = YES_AGGRESSIVE;
				CLANG_CXX_LANGUAGE_STANDARD = "gnu++14";
				CLANG_CXX_LIBRARY = "libc++";
				CLANG_ENABLE_MODULES = YES;
				CLANG_ENABLE_OBJC_ARC = YES;
				CLANG_ENABLE_OBJC_WEAK = YES;
				CLANG_WARN_BLOCK_CAPTURE_AUTORELEASING = YES;
				CLANG_WARN_BOOL_CONVERSION = YES;
				CLANG_WARN_COMMA = YES;
				CLANG_WARN_CONSTANT_CONVERSION = YES;
				CLANG_WARN_DEPRECATED_OBJC_IMPLEMENTATIONS = YES;
				CLANG_WARN_DIRECT_OBJC_ISA_USAGE = YES_ERROR;
				CLANG_WARN_DOCUMENTATION_COMMENTS = YES;
				CLANG_WARN_EMPTY_BODY = YES;
				CLANG_WARN_ENUM_CONVERSION = YES;
				CLANG_WARN_INFINITE_RECURSION = YES;
				CLANG_WARN_INT_CONVERSION = YES;
				CLANG_WARN_NON_LITERAL_NULL_CONVERSION = YES;
				CLANG_WARN_OBJC_IMPLICIT_RETAIN_SELF = YES;
				CLANG_WARN_OBJC_LITERAL_CONVERSION = YES;
				CLANG_WARN_OBJC_ROOT_CLASS = YES_ERROR;
				CLANG_WARN_QUOTED_INCLUDE_IN_FRAMEWORK_HEADER = YES;
				CLANG_WARN_RANGE_LOOP_ANALYSIS = YES;
				CLANG_WARN_STRICT_PROTOTYPES = YES;
				CLANG_WARN_SUSPICIOUS_MOVE = YES;
				CLANG_WARN_UNGUARDED_AVAILABILITY = YES_AGGRESSIVE;
				CLANG_WARN_UNREACHABLE_CODE = YES;
				CLANG_WARN__DUPLICATE_METHOD_MATCH = YES;
				COPY_PHASE_STRIP = NO;
				DEBUG_INFORMATION_FORMAT = "dwarf-with-dsym";
				ENABLE_NS_ASSERTIONS = NO;
				ENABLE_STRICT_OBJC_MSGSEND = YES;
				GCC_C_LANGUAGE_STANDARD = gnu11;
				GCC_NO_COMMON_BLOCKS = YES;
				GCC_WARN_64_TO_32_BIT_CONVERSION = YES;
				GCC_WARN_ABOUT_RETURN_TYPE = YES_ERROR;
				GCC_WARN_UNDECLARED_SELECTOR = YES;
				GCC_WARN_UNINITIALIZED_AUTOS = YES_AGGRESSIVE;
				GCC_WARN_UNUSED_FUNCTION = YES;
				GCC_WARN_UNUSED_VARIABLE = YES;
				IPHONEOS_DEPLOYMENT_TARGET = 14.5;
				MTL_ENABLE_DEBUG_INFO = NO;
				MTL_FAST_MATH = YES;
				SDKROOT = iphoneos;
				SWIFT_COMPILATION_MODE = wholemodule;
				SWIFT_OPTIMIZATION_LEVEL = "-O";
				VALIDATE_PRODUCT = YES;
			};
			name = Release;
		};
		24287269266D02F000773798 /* Debug */ = {
			isa = XCBuildConfiguration;
			buildSettings = {
				ASSETCATALOG_COMPILER_APPICON_NAME = AppIcon;
				ASSETCATALOG_COMPILER_GLOBAL_ACCENT_COLOR_NAME = AccentColor;
				CODE_SIGN_STYLE = Automatic;
				DEVELOPMENT_ASSET_PATHS = "\"APICall/Preview Content\"";
				DEVELOPMENT_TEAM = "";
				ENABLE_PREVIEWS = YES;
				INFOPLIST_FILE = APICall/Info.plist;
				IPHONEOS_DEPLOYMENT_TARGET = 14.0;
				LD_RUNPATH_SEARCH_PATHS = (
					"$(inherited)",
					"@executable_path/Frameworks",
				);
				PRODUCT_BUNDLE_IDENTIFIER = user.de.APICall;
				PRODUCT_NAME = "$(TARGET_NAME)";
				SWIFT_VERSION = 5.0;
				TARGETED_DEVICE_FAMILY = "1,2";
			};
			name = Debug;
		};
		2428726A266D02F000773798 /* Release */ = {
			isa = XCBuildConfiguration;
			buildSettings = {
				ASSETCATALOG_COMPILER_APPICON_NAME = AppIcon;
				ASSETCATALOG_COMPILER_GLOBAL_ACCENT_COLOR_NAME = AccentColor;
				CODE_SIGN_STYLE = Automatic;
				DEVELOPMENT_ASSET_PATHS = "\"APICall/Preview Content\"";
				DEVELOPMENT_TEAM = "";
				ENABLE_PREVIEWS = YES;
				INFOPLIST_FILE = APICall/Info.plist;
				IPHONEOS_DEPLOYMENT_TARGET = 14.0;
				LD_RUNPATH_SEARCH_PATHS = (
					"$(inherited)",
					"@executable_path/Frameworks",
				);
				PRODUCT_BUNDLE_IDENTIFIER = user.de.APICall;
				PRODUCT_NAME = "$(TARGET_NAME)";
				SWIFT_VERSION = 5.0;
				TARGETED_DEVICE_FAMILY = "1,2";
			};
			name = Release;
		};
/* End XCBuildConfiguration section */

/* Begin XCConfigurationList section */
		24287254266D02EF00773798 /* Build configuration list for PBXProject "APICall" */ = {
			isa = XCConfigurationList;
			buildConfigurations = (
				24287266266D02F000773798 /* Debug */,
				24287267266D02F000773798 /* Release */,
			);
			defaultConfigurationIsVisible = 0;
			defaultConfigurationName = Release;
		};
		24287268266D02F000773798 /* Build configuration list for PBXNativeTarget "APICall" */ = {
			isa = XCConfigurationList;
			buildConfigurations = (
				24287269266D02F000773798 /* Debug */,
				2428726A266D02F000773798 /* Release */,
			);
			defaultConfigurationIsVisible = 0;
			defaultConfigurationName = Release;
		};
/* End XCConfigurationList section */
	};
	rootObject = 24287251266D02EF00773798 /* Project object */;
}
